{
  "name": "babel-parser-example",
  "version": "0.1.0",
  "lockfileVersion": 1,
  "requires": true,
  "dependencies": {
    "acorn": {
      "version": "5.7.3",
      "resolved": "https://registry.npmjs.org/acorn/-/acorn-5.7.3.tgz",
      "integrity": "sha512-T/zvzYRfbVojPWahDsE5evJdHb3oJoQfFbsrKM7w5Zcs++Tr257tia3BmMP8XYVjp1S9RZXQMh7gao96BlqZOw=="
    },
    "reify": {
      "version": "0.18.1",
      "resolved": "https://registry.npmjs.org/reify/-/reify-0.18.1.tgz",
      "integrity": "sha512-eNiNGxo5Cz/s/7DOeQW5+lTAxMexZPFA8XW/ef6f8WBLtQfYAhDNXxva7ROFC/Wa3q91usYzqJYwC85OXaWUzA==",
      "requires": {
        "acorn": "^5.5.3",
        "semver": "^5.4.1"
      }
    },
    "semver": {
      "version": "5.6.0",
      "resolved": "https://registry.npmjs.org/semver/-/semver-5.6.0.tgz",
      "integrity": "sha512-RS9R6R35NYgQn++fkDWaOmqGoj4Ek9gGs+DPxNUZKuwE183xjJroKvyo1IzVFeXvUrvmALy6FWD5xrdJT25gMg=="
    }
  }
}
