{
  "name": "babel-plugin-transform-es2015-modules-reify",
  "version": "0.16.0",
  "lockfileVersion": 1,
  "requires": true,
  "dependencies": {
    "acorn": {
      "version": "5.5.3",
      "resolved": "https://registry.npmjs.org/acorn/-/acorn-5.5.3.tgz",
      "integrity": "sha512-jd5MkIUlbbmb07nXH0DT3y7rDVtkzDi4XZOUVWAer8ajmF/DTSSbl5oNFyDOl/OXA33Bl79+ypHhl2pN20VeOQ=="
    },
    "reify": {
      "version": "0.16.0",
      "resolved": "https://registry.npmjs.org/reify/-/reify-0.16.0.tgz",
      "integrity": "sha512-vLN6VAulh1cDNlfVnM6+DysfCaMZZ5IFNGUbGs1Engp6bjICH8+qUyM4f9P5mW8AArv42qG9KlHvn43ed+uXVg==",
      "requires": {
        "acorn": "^5.2.1",
        "semver": "^5.4.1"
      }
    },
    "semver": {
      "version": "5.5.0",
      "resolved": "https://registry.npmjs.org/semver/-/semver-5.5.0.tgz",
      "integrity": "sha512-4SJ3dm0WAwWy/NVeioZh5AntkdJoWKxHxcmyP622fOkgHa4z3R0TdBJICINyaSDE6uNwVc8gZr+ZinwZAH4xIA=="
    }
  }
}
